
Microsoft Visual Studio Solution File, Format Version 12.00
# Visual Studio 15
VisualStudioVersion = 15.0.26124.0
MinimumVisualStudioVersion = 15.0.26124.0
Project("{FAE04EC0-301F-11D3-BF4B-00C04F79EFBC}") = "GameTop", "GameTop\GameTop.csproj", "{35F98820-8D95-4B0C-849E-DDA4F4D9A6B5}"
EndProject
Project("{FAE04EC0-301F-11D3-BF4B-00C04F79EFBC}") = "GameTop.Lib", "GameTop.Lib\GameTop.Lib.csproj", "{8BFEFB08-029F-4467-9ED0-4F970A9B597E}"
EndProject
Project("{FAE04EC0-301F-11D3-BF4B-00C04F79EFBC}") = "GameTop.Interface", "GameTop.Interface\GameTop.Interface.csproj", "{1C6E5EFA-089D-43D9-B061-95E83DFDA6AD}"
EndProject
Global
	GlobalSection(SolutionConfigurationPlatforms) = preSolution
		Debug|Any CPU = Debug|Any CPU
		Debug|x64 = Debug|x64
		Debug|x86 = Debug|x86
		Release|Any CPU = Release|Any CPU
		Release|x64 = Release|x64
		Release|x86 = Release|x86
	EndGlobalSection
	GlobalSection(SolutionProperties) = preSolution
		HideSolutionNode = FALSE
	EndGlobalSection
	GlobalSection(ProjectConfigurationPlatforms) = postSolution
		{35F98820-8D95-4B0C-849E-DDA4F4D9A6B5}.Debug|Any CPU.ActiveCfg = Debug|Any CPU
		{35F98820-8D95-4B0C-849E-DDA4F4D9A6B5}.Debug|Any CPU.Build.0 = Debug|Any CPU
		{35F98820-8D95-4B0C-849E-DDA4F4D9A6B5}.Debug|x64.ActiveCfg = Debug|Any CPU
		{35F98820-8D95-4B0C-849E-DDA4F4D9A6B5}.Debug|x64.Build.0 = Debug|Any CPU
		{35F98820-8D95-4B0C-849E-DDA4F4D9A6B5}.Debug|x86.ActiveCfg = Debug|Any CPU
		{35F98820-8D95-4B0C-849E-DDA4F4D9A6B5}.Debug|x86.Build.0 = Debug|Any CPU
		{35F98820-8D95-4B0C-849E-DDA4F4D9A6B5}.Release|Any CPU.ActiveCfg = Release|Any CPU
		{35F98820-8D95-4B0C-849E-DDA4F4D9A6B5}.Release|Any CPU.Build.0 = Release|Any CPU
		{35F98820-8D95-4B0C-849E-DDA4F4D9A6B5}.Release|x64.ActiveCfg = Release|Any CPU
		{35F98820-8D95-4B0C-849E-DDA4F4D9A6B5}.Release|x64.Build.0 = Release|Any CPU
		{35F98820-8D95-4B0C-849E-DDA4F4D9A6B5}.Release|x86.ActiveCfg = Release|Any CPU
		{35F98820-8D95-4B0C-849E-DDA4F4D9A6B5}.Release|x86.Build.0 = Release|Any CPU
		{8BFEFB08-029F-4467-9ED0-4F970A9B597E}.Debug|Any CPU.ActiveCfg = Debug|Any CPU
		{8BFEFB08-029F-4467-9ED0-4F970A9B597E}.Debug|Any CPU.Build.0 = Debug|Any CPU
		{8BFEFB08-029F-4467-9ED0-4F970A9B597E}.Debug|x64.ActiveCfg = Debug|Any CPU
		{8BFEFB08-029F-4467-9ED0-4F970A9B597E}.Debug|x64.Build.0 = Debug|Any CPU
		{8BFEFB08-029F-4467-9ED0-4F970A9B597E}.Debug|x86.ActiveCfg = Debug|Any CPU
		{8BFEFB08-029F-4467-9ED0-4F970A9B597E}.Debug|x86.Build.0 = Debug|Any CPU
		{8BFEFB08-029F-4467-9ED0-4F970A9B597E}.Release|Any CPU.ActiveCfg = Release|Any CPU
		{8BFEFB08-029F-4467-9ED0-4F970A9B597E}.Release|Any CPU.Build.0 = Release|Any CPU
		{8BFEFB08-029F-4467-9ED0-4F970A9B597E}.Release|x64.ActiveCfg = Release|Any CPU
		{8BFEFB08-029F-4467-9ED0-4F970A9B597E}.Release|x64.Build.0 = Release|Any CPU
		{8BFEFB08-029F-4467-9ED0-4F970A9B597E}.Release|x86.ActiveCfg = Release|Any CPU
		{8BFEFB08-029F-4467-9ED0-4F970A9B597E}.Release|x86.Build.0 = Release|Any CPU
		{1C6E5EFA-089D-43D9-B061-95E83DFDA6AD}.Debug|Any CPU.ActiveCfg = Debug|Any CPU
		{1C6E5EFA-089D-43D9-B061-95E83DFDA6AD}.Debug|Any CPU.Build.0 = Debug|Any CPU
		{1C6E5EFA-089D-43D9-B061-95E83DFDA6AD}.Debug|x64.ActiveCfg = Debug|Any CPU
		{1C6E5EFA-089D-43D9-B061-95E83DFDA6AD}.Debug|x64.Build.0 = Debug|Any CPU
		{1C6E5EFA-089D-43D9-B061-95E83DFDA6AD}.Debug|x86.ActiveCfg = Debug|Any CPU
		{1C6E5EFA-089D-43D9-B061-95E83DFDA6AD}.Debug|x86.Build.0 = Debug|Any CPU
		{1C6E5EFA-089D-43D9-B061-95E83DFDA6AD}.Release|Any CPU.ActiveCfg = Release|Any CPU
		{1C6E5EFA-089D-43D9-B061-95E83DFDA6AD}.Release|Any CPU.Build.0 = Release|Any CPU
		{1C6E5EFA-089D-43D9-B061-95E83DFDA6AD}.Release|x64.ActiveCfg = Release|Any CPU
		{1C6E5EFA-089D-43D9-B061-95E83DFDA6AD}.Release|x64.Build.0 = Release|Any CPU
		{1C6E5EFA-089D-43D9-B061-95E83DFDA6AD}.Release|x86.ActiveCfg = Release|Any CPU
		{1C6E5EFA-089D-43D9-B061-95E83DFDA6AD}.Release|x86.Build.0 = Release|Any CPU
	EndGlobalSection
EndGlobal
